PODS:
  - AFNetworking (2.3.1):
    - AFNetworking/NSURLConnection
    - AFNetworking/NSURLSession
    - AFNetworking/Reachability
    - AFNetworking/Security
    - AFNetworking/Serialization
    - AFNetworking/UIKit
  - AFNetworking/NSURLConnection (2.3.1):
    - AFNetworking/Reachability
    - AFNetworking/Security
    - AFNetworking/Serialization
  - AFNetworking/NSURLSession (2.3.1):
    - AFNetworking/Reachability
    - AFNetworking/Security
    - AFNetworking/Serialization
  - AFNetworking/Reachability (2.3.1)
  - AFNetworking/Security (2.3.1)
  - AFNetworking/Serialization (2.3.1)
  - AFNetworking/UIKit (2.3.1):
    - AFNetworking/NSURLConnection
    - AFNetworking/NSURLSession
  - FontasticIcons (0.5.0)
  - JCDialPad (0.1.1):
    - libPhoneNumber-iOS
  - Kiwi/ARC (2.2.4)
  - Kiwi/NonARC (2.2.4)
  - Kiwi/XCTest (2.2.4):
    - Kiwi/ARC
    - Kiwi/NonARC
  - libPhoneNumber-iOS (0.7.3)
  - milenage (1.0.0-twilio)
  - OpenSSL (1.0.1.h-twilio)
  - opus (1.0.0-twilio):
    - opus/float
  - opus/float (1.0.0-twilio)
  - PhoneKit (0.1.0):
    - PhoneKit/Core
    - PhoneKit/UI
  - PhoneKit/Core (0.1.0):
    - ReactiveCocoa
    - TwilioSDK (= 1.1.5-ce0a13e)
  - PhoneKit/UI (0.1.0):
    - FontasticIcons
    - JCDialPad
    - PhoneKit/Core
  - pjsip (2.1.0-twilio):
    - milenage (= 1.0.0-twilio)
    - OpenSSL (= 1.0.1.h-twilio)
    - opus (= 1.0.0-twilio)
    - pjsip/Core
    - pjsip/pjlib
    - pjsip/pjlib-util
    - pjsip/pjmedia
    - pjsip/pjnath
    - pjsip/pjsip
    - resample (= 1.0.0-twilio)
    - speex (= 1.0.0-twilio)
    - srtp (= 1.0.0-twilio)
  - pjsip/Core (2.1.0-twilio):
    - milenage (= 1.0.0-twilio)
    - OpenSSL (= 1.0.1.h-twilio)
    - opus (= 1.0.0-twilio)
    - resample (= 1.0.0-twilio)
    - speex (= 1.0.0-twilio)
    - srtp (= 1.0.0-twilio)
  - pjsip/pjlib (2.1.0-twilio):
    - milenage (= 1.0.0-twilio)
    - OpenSSL (= 1.0.1.h-twilio)
    - opus (= 1.0.0-twilio)
    - resample (= 1.0.0-twilio)
    - speex (= 1.0.0-twilio)
    - srtp (= 1.0.0-twilio)
  - pjsip/pjlib-util (2.1.0-twilio):
    - milenage (= 1.0.0-twilio)
    - OpenSSL (= 1.0.1.h-twilio)
    - opus (= 1.0.0-twilio)
    - resample (= 1.0.0-twilio)
    - speex (= 1.0.0-twilio)
    - srtp (= 1.0.0-twilio)
  - pjsip/pjmedia (2.1.0-twilio):
    - milenage (= 1.0.0-twilio)
    - OpenSSL (= 1.0.1.h-twilio)
    - opus (= 1.0.0-twilio)
    - resample (= 1.0.0-twilio)
    - speex (= 1.0.0-twilio)
    - srtp (= 1.0.0-twilio)
  - pjsip/pjnath (2.1.0-twilio):
    - milenage (= 1.0.0-twilio)
    - OpenSSL (= 1.0.1.h-twilio)
    - opus (= 1.0.0-twilio)
    - resample (= 1.0.0-twilio)
    - speex (= 1.0.0-twilio)
    - srtp (= 1.0.0-twilio)
  - pjsip/pjsip (2.1.0-twilio):
    - milenage (= 1.0.0-twilio)
    - OpenSSL (= 1.0.1.h-twilio)
    - opus (= 1.0.0-twilio)
    - resample (= 1.0.0-twilio)
    - speex (= 1.0.0-twilio)
    - srtp (= 1.0.0-twilio)
  - ReactiveCocoa (2.3.1):
    - ReactiveCocoa/UI
  - ReactiveCocoa/Core (2.3.1):
    - ReactiveCocoa/no-arc
  - ReactiveCocoa/no-arc (2.3.1)
  - ReactiveCocoa/UI (2.3.1):
    - ReactiveCocoa/Core
  - resample (1.0.0-twilio)
  - speex (1.0.0-twilio)
  - srtp (1.0.0-twilio):
    - OpenSSL (= 1.0.1.h-twilio)
  - TwilioSDK (1.1.5-ce0a13e):
    - pjsip (= 2.1.0-twilio)

DEPENDENCIES:
  - AFNetworking
  - Kiwi/XCTest
  - PhoneKit (from `../`)

EXTERNAL SOURCES:
  PhoneKit:
    :path: ../

SPEC CHECKSUMS:
  AFNetworking: 6d7b76aa5d04c8c37daad3eef4b7e3f2a7620da3
  FontasticIcons: a19672f86f2bf1b0ad51b21f1f7f1fad1ddd83f7
  JCDialPad: b33bdc4bf3612efcc9f7ae957edd60ebcd29e7bc
  Kiwi: c73667f2b84cbf36f1a3830267c5a4ae8dcbd8ba
  libPhoneNumber-iOS: 98fc07d70c8fdb5e6a8e3442c37e97353065c20e
  milenage: ecae1d08ed63414eaee047fff18a839d996f47a5
  OpenSSL: 873f41a149163df3ae5d67c134732828e56591c7
  opus: 3e6f92cf106fe5145382a6a9739a8840ca24fd09
  PhoneKit: 8ec4a826f039b47ada8a52b82d4baae2df206842
  pjsip: 8050550ccc20e47f4c7896f9e08467a421b0b5ac
  ReactiveCocoa: dca75777b9d18990c8714a3a6f2149f29b4d1462
  resample: 31cb39144984f8e025281270ea1709b188e60f79
  speex: 3556942331472b86f251ed268329f7ea31e703fd
  srtp: d8df1c18c60bd8a5e6624ae2ab84e2f06a35cd1d
  TwilioSDK: ba4f75bdb2fed04003e71744a86d69068e9bd5b9

COCOAPODS: 0.33.1
